
Microsoft Visual Studio Solution File, Format Version 12.00
# Visual Studio Version 16
VisualStudioVersion = 16.0.29709.97
MinimumVisualStudioVersion = 10.0.40219.1
Project("{FAE04EC0-301F-11D3-BF4B-00C04F79EFBC}") = "TriageClient", "TriageClient\TriageClient.csproj", "{3FBBE7E7-33B2-423F-BE72-47A033391F06}"
EndProject
Project("{FAE04EC0-301F-11D3-BF4B-00C04F79EFBC}") = "HttpServer", "HttpServer\HttpServer.csproj", "{8C94A7D1-00D0-4518-9A53-E42EDB617353}"
EndProject
Project("{FAE04EC0-301F-11D3-BF4B-00C04F79EFBC}") = "YinLong.Utils.Core", "..\..\..\DotNet\DotNet_WorkSpace\YinLong.Framework\YinLong.Utils.Core\YinLong.Utils.Core.csproj", "{5F0BDBEB-BAE2-45F9-8FF1-CA0898E50DDD}"
EndProject
Project("{2150E333-8FDC-42A3-9474-1A3956D46DE8}") = "读卡", "读卡", "{53CE9CE5-9333-43C3-9517-9CA8049BA6F2}"
EndProject
Project("{FAE04EC0-301F-11D3-BF4B-00C04F79EFBC}") = "ProcessSupervise", "读卡\ProcessSupervise\ProcessSupervise.csproj", "{4644F409-AEBF-4F2F-BA2F-D8BDB50F1FED}"
EndProject
Project("{FAE04EC0-301F-11D3-BF4B-00C04F79EFBC}") = "CardService", "读卡\CardService\CardService.csproj", "{45574DC5-E907-4F9E-B042-9F16E9B17C04}"
EndProject
Global
	GlobalSection(SolutionConfigurationPlatforms) = preSolution
		Debug|Any CPU = Debug|Any CPU
		Release|Any CPU = Release|Any CPU
	EndGlobalSection
	GlobalSection(ProjectConfigurationPlatforms) = postSolution
		{3FBBE7E7-33B2-423F-BE72-47A033391F06}.Debug|Any CPU.ActiveCfg = Debug|Any CPU
		{3FBBE7E7-33B2-423F-BE72-47A033391F06}.Debug|Any CPU.Build.0 = Debug|Any CPU
		{3FBBE7E7-33B2-423F-BE72-47A033391F06}.Release|Any CPU.ActiveCfg = Release|Any CPU
		{3FBBE7E7-33B2-423F-BE72-47A033391F06}.Release|Any CPU.Build.0 = Release|Any CPU
		{8C94A7D1-00D0-4518-9A53-E42EDB617353}.Debug|Any CPU.ActiveCfg = Debug|Any CPU
		{8C94A7D1-00D0-4518-9A53-E42EDB617353}.Debug|Any CPU.Build.0 = Debug|Any CPU
		{8C94A7D1-00D0-4518-9A53-E42EDB617353}.Release|Any CPU.ActiveCfg = Release|Any CPU
		{8C94A7D1-00D0-4518-9A53-E42EDB617353}.Release|Any CPU.Build.0 = Release|Any CPU
		{5F0BDBEB-BAE2-45F9-8FF1-CA0898E50DDD}.Debug|Any CPU.ActiveCfg = Debug|Any CPU
		{5F0BDBEB-BAE2-45F9-8FF1-CA0898E50DDD}.Debug|Any CPU.Build.0 = Debug|Any CPU
		{5F0BDBEB-BAE2-45F9-8FF1-CA0898E50DDD}.Release|Any CPU.ActiveCfg = Release|Any CPU
		{5F0BDBEB-BAE2-45F9-8FF1-CA0898E50DDD}.Release|Any CPU.Build.0 = Release|Any CPU
		{4644F409-AEBF-4F2F-BA2F-D8BDB50F1FED}.Debug|Any CPU.ActiveCfg = Debug|Any CPU
		{4644F409-AEBF-4F2F-BA2F-D8BDB50F1FED}.Debug|Any CPU.Build.0 = Debug|Any CPU
		{4644F409-AEBF-4F2F-BA2F-D8BDB50F1FED}.Release|Any CPU.ActiveCfg = Release|Any CPU
		{4644F409-AEBF-4F2F-BA2F-D8BDB50F1FED}.Release|Any CPU.Build.0 = Release|Any CPU
		{45574DC5-E907-4F9E-B042-9F16E9B17C04}.Debug|Any CPU.ActiveCfg = Debug|Any CPU
		{45574DC5-E907-4F9E-B042-9F16E9B17C04}.Debug|Any CPU.Build.0 = Debug|Any CPU
		{45574DC5-E907-4F9E-B042-9F16E9B17C04}.Release|Any CPU.ActiveCfg = Release|Any CPU
		{45574DC5-E907-4F9E-B042-9F16E9B17C04}.Release|Any CPU.Build.0 = Release|Any CPU
	EndGlobalSection
	GlobalSection(SolutionProperties) = preSolution
		HideSolutionNode = FALSE
	EndGlobalSection
	GlobalSection(NestedProjects) = preSolution
		{4644F409-AEBF-4F2F-BA2F-D8BDB50F1FED} = {53CE9CE5-9333-43C3-9517-9CA8049BA6F2}
		{45574DC5-E907-4F9E-B042-9F16E9B17C04} = {53CE9CE5-9333-43C3-9517-9CA8049BA6F2}
	EndGlobalSection
	GlobalSection(ExtensibilityGlobals) = postSolution
		SolutionGuid = {49595A83-BEAD-467A-851A-2ACADE2DDEF7}
	EndGlobalSection
EndGlobal
