
Microsoft Visual Studio Solution File, Format Version 12.00
# Visual Studio Version 16
VisualStudioVersion = 16.0.29709.97
MinimumVisualStudioVersion = 10.0.40219.1
Project("{FAE04EC0-301F-11D3-BF4B-00C04F79EFBC}") = "TriageClient", "TriageClient\TriageClient.csproj", "{3FBBE7E7-33B2-423F-BE72-47A033391F06}"
EndProject
Project("{FAE04EC0-301F-11D3-BF4B-00C04F79EFBC}") = "Code", "Code\Code.csproj", "{CAC450EF-87A9-428F-A575-149A6B66A4AF}"
EndProject
Project("{FAE04EC0-301F-11D3-BF4B-00C04F79EFBC}") = "HttpServer", "HttpServer\HttpServer.csproj", "{8C94A7D1-00D0-4518-9A53-E42EDB617353}"
EndProject
Global
	GlobalSection(SolutionConfigurationPlatforms) = preSolution
		Debug|Any CPU = Debug|Any CPU
		Release|Any CPU = Release|Any CPU
	EndGlobalSection
	GlobalSection(ProjectConfigurationPlatforms) = postSolution
		{3FBBE7E7-33B2-423F-BE72-47A033391F06}.Debug|Any CPU.ActiveCfg = Debug|Any CPU
		{3FBBE7E7-33B2-423F-BE72-47A033391F06}.Debug|Any CPU.Build.0 = Debug|Any CPU
		{3FBBE7E7-33B2-423F-BE72-47A033391F06}.Release|Any CPU.ActiveCfg = Release|Any CPU
		{3FBBE7E7-33B2-423F-BE72-47A033391F06}.Release|Any CPU.Build.0 = Release|Any CPU
		{CAC450EF-87A9-428F-A575-149A6B66A4AF}.Debug|Any CPU.ActiveCfg = Debug|Any CPU
		{CAC450EF-87A9-428F-A575-149A6B66A4AF}.Debug|Any CPU.Build.0 = Debug|Any CPU
		{CAC450EF-87A9-428F-A575-149A6B66A4AF}.Release|Any CPU.ActiveCfg = Release|Any CPU
		{CAC450EF-87A9-428F-A575-149A6B66A4AF}.Release|Any CPU.Build.0 = Release|Any CPU
		{8C94A7D1-00D0-4518-9A53-E42EDB617353}.Debug|Any CPU.ActiveCfg = Debug|Any CPU
		{8C94A7D1-00D0-4518-9A53-E42EDB617353}.Debug|Any CPU.Build.0 = Debug|Any CPU
		{8C94A7D1-00D0-4518-9A53-E42EDB617353}.Release|Any CPU.ActiveCfg = Release|Any CPU
		{8C94A7D1-00D0-4518-9A53-E42EDB617353}.Release|Any CPU.Build.0 = Release|Any CPU
	EndGlobalSection
	GlobalSection(SolutionProperties) = preSolution
		HideSolutionNode = FALSE
	EndGlobalSection
	GlobalSection(ExtensibilityGlobals) = postSolution
		SolutionGuid = {49595A83-BEAD-467A-851A-2ACADE2DDEF7}
	EndGlobalSection
EndGlobal
