
Microsoft Visual Studio Solution File, Format Version 12.00
# Visual Studio 15
VisualStudioVersion = 15.0.28307.136
MinimumVisualStudioVersion = 10.0.40219.1
Project("{FAE04EC0-301F-11D3-BF4B-00C04F79EFBC}") = "TriageClient", "TriageClient\TriageClient.csproj", "{3FBBE7E7-33B2-423F-BE72-47A033391F06}"
EndProject
Project("{FAE04EC0-301F-11D3-BF4B-00C04F79EFBC}") = "Code", "Code\Code.csproj", "{CAC450EF-87A9-428F-A575-149A6B66A4AF}"
EndProject
Global
	GlobalSection(SolutionConfigurationPlatforms) = preSolution
		Debug|Any CPU = Debug|Any CPU
		Release|Any CPU = Release|Any CPU
	EndGlobalSection
	GlobalSection(ProjectConfigurationPlatforms) = postSolution
		{3FBBE7E7-33B2-423F-BE72-47A033391F06}.Debug|Any CPU.ActiveCfg = Debug|Any CPU
		{3FBBE7E7-33B2-423F-BE72-47A033391F06}.Debug|Any CPU.Build.0 = Debug|Any CPU
		{3FBBE7E7-33B2-423F-BE72-47A033391F06}.Release|Any CPU.ActiveCfg = Release|Any CPU
		{3FBBE7E7-33B2-423F-BE72-47A033391F06}.Release|Any CPU.Build.0 = Release|Any CPU
		{CAC450EF-87A9-428F-A575-149A6B66A4AF}.Debug|Any CPU.ActiveCfg = Debug|Any CPU
		{CAC450EF-87A9-428F-A575-149A6B66A4AF}.Debug|Any CPU.Build.0 = Debug|Any CPU
		{CAC450EF-87A9-428F-A575-149A6B66A4AF}.Release|Any CPU.ActiveCfg = Release|Any CPU
		{CAC450EF-87A9-428F-A575-149A6B66A4AF}.Release|Any CPU.Build.0 = Release|Any CPU
	EndGlobalSection
	GlobalSection(SolutionProperties) = preSolution
		HideSolutionNode = FALSE
	EndGlobalSection
	GlobalSection(ExtensibilityGlobals) = postSolution
		SolutionGuid = {49595A83-BEAD-467A-851A-2ACADE2DDEF7}
	EndGlobalSection
	GlobalSection(TeamFoundationVersionControl) = preSolution
		SccNumberOfProjects = 3
		SccEnterpriseProvider = {4CA58AB2-18FA-4F8D-95D4-32DDF27D184C}
		SccTeamFoundationServer = http://60.2.125.182:85/tfs/defaultcollection
		SccLocalPath0 = .
		SccProjectUniqueName1 = TriageClient\\TriageClient.csproj
		SccProjectName1 = TriageClient
		SccLocalPath1 = TriageClient
		SccProjectUniqueName2 = Code\\Code.csproj
		SccProjectName2 = Code
		SccLocalPath2 = Code
	EndGlobalSection
EndGlobal
